<Solution>
  <Folder Name="/outlook-writeback/">
    <Project Path="outlook-writeback/OutlookWriteback.Graph.Tests/OutlookWriteback.Graph.Tests.csproj" />
    <Project Path="outlook-writeback/OutlookWriteback.Graph/OutlookWriteback.Graph.csproj" />
    <Project Path="outlook-writeback/OutlookWriteback.csproj" />
    <Project Path="outlook-writeback/OutlookWriteback.Bootstrap/OutlookWriteback.Bootstrap.csproj" />
  </Folder>
  <Folder Name="/drive-writeback/">
    <Project Path="drive-writeback/DriveWriteback.Graph.Tests/DriveWriteback.Graph.Tests.csproj" />
    <Project Path="drive-writeback/DriveWriteback.Graph/DriveWriteback.Graph.csproj" />
    <Project Path="drive-writeback/DriveWriteback.csproj" />
  </Folder>
</Solution>
